// !$*UTF8*$!
{
	archiveVersion = 1;
	classes = {
	};
	objectVersion = 46;
	objects = {

/* Begin PBXBuildFile section */
		29D065211CADAA4200772B17 /* LaunchScreen.storyboard in Resources */ = {isa = PBXBuildFile; fileRef = 29D065191CADAA4200772B17 /* LaunchScreen.storyboard */; };
		29D065221CADAA4200772B17 /* Info.plist in Resources */ = {isa = PBXBuildFile; fileRef = 29D0651B1CADAA4200772B17 /* Info.plist */; };
		29D065231CADAA4200772B17 /* Assets.xcassets in Resources */ = {isa = PBXBuildFile; fileRef = 29D0651D1CADAA4200772B17 /* Assets.xcassets */; };
		29D065241CADAA4200772B17 /* AppDelegate.swift in Sources */ = {isa = PBXBuildFile; fileRef = 29D0651F1CADAA4200772B17 /* AppDelegate.swift */; };
		29D065251CADAA4200772B17 /* ViewController.swift in Sources */ = {isa = PBXBuildFile; fileRef = 29D065201CADAA4200772B17 /* ViewController.swift */; };
		AA92FEC66A39F497EEDC41F7 /* Pods_NoiseDemo.framework in Frameworks */ = {isa = PBXBuildFile; fileRef = 3DC684BB08E977B8FFBD5CA0 /* Pods_NoiseDemo.framework */; };
/* End PBXBuildFile section */

/* Begin PBXFileReference section */
		29D0651A1CADAA4200772B17 /* Base */ = {isa = PBXFileReference; lastKnownFileType = file.storyboard; name = Base; path = Base.lproj/LaunchScreen.storyboard; sourceTree = "<group>"; };
		29D0651B1CADAA4200772B17 /* Info.plist */ = {isa = PBXFileReference; fileEncoding = 4; lastKnownFileType = text.plist.xml; path = Info.plist; sourceTree = "<group>"; };
		29D0651D1CADAA4200772B17 /* Assets.xcassets */ = {isa = PBXFileReference; lastKnownFileType = folder.assetcatalog; path = Assets.xcassets; sourceTree = "<group>"; };
		29D0651F1CADAA4200772B17 /* AppDelegate.swift */ = {isa = PBXFileReference; fileEncoding = 4; lastKnownFileType = sourcecode.swift; path = AppDelegate.swift; sourceTree = "<group>"; };
		29D065201CADAA4200772B17 /* ViewController.swift */ = {isa = PBXFileReference; fileEncoding = 4; lastKnownFileType = sourcecode.swift; path = ViewController.swift; sourceTree = "<group>"; };
		3DC684BB08E977B8FFBD5CA0 /* Pods_NoiseDemo.framework */ = {isa = PBXFileReference; explicitFileType = wrapper.framework; includeInIndex = 0; path = Pods_NoiseDemo.framework; sourceTree = BUILT_PRODUCTS_DIR; };
		A9BE5BEB9577FBAE4F19F054 /* Pods-NoiseDemo.debug.xcconfig */ = {isa = PBXFileReference; includeInIndex = 1; lastKnownFileType = text.xcconfig; name = "Pods-NoiseDemo.debug.xcconfig"; path = "Pods/Target Support Files/Pods-NoiseDemo/Pods-NoiseDemo.debug.xcconfig"; sourceTree = "<group>"; };
		BECCE6E65BEEA0785A145383 /* Pods-NoiseDemo.release.xcconfig */ = {isa = PBXFileReference; includeInIndex = 1; lastKnownFileType = text.xcconfig; name = "Pods-NoiseDemo.release.xcconfig"; path = "Pods/Target Support Files/Pods-NoiseDemo/Pods-NoiseDemo.release.xcconfig"; sourceTree = "<group>"; };
		D5C7F7401C3BC9CE008CDDBA /* NoiseDemo.app */ = {isa = PBXFileReference; explicitFileType = wrapper.application; includeInIndex = 0; path = NoiseDemo.app; sourceTree = BUILT_PRODUCTS_DIR; };
/* End PBXFileReference section */

/* Begin PBXFrameworksBuildPhase section */
		D5C7F73D1C3BC9CE008CDDBA /* Frameworks */ = {
			isa = PBXFrameworksBuildPhase;
			buildActionMask = 2147483647;
			files = (
				AA92FEC66A39F497EEDC41F7 /* Pods_NoiseDemo.framework in Frameworks */,
			);
			runOnlyForDeploymentPostprocessing = 0;
		};
/* End PBXFrameworksBuildPhase section */

/* Begin PBXGroup section */
		29D065181CADAA4200772B17 /* Noise */ = {
			isa = PBXGroup;
			children = (
				29D0651E1CADAA4200772B17 /* Sources */,
				29D0651C1CADAA4200772B17 /* Resources */,
				29D065191CADAA4200772B17 /* LaunchScreen.storyboard */,
				29D0651B1CADAA4200772B17 /* Info.plist */,
			);
			path = Noise;
			sourceTree = "<group>";
		};
		29D0651C1CADAA4200772B17 /* Resources */ = {
			isa = PBXGroup;
			children = (
				29D0651D1CADAA4200772B17 /* Assets.xcassets */,
			);
			path = Resources;
			sourceTree = "<group>";
		};
		29D0651E1CADAA4200772B17 /* Sources */ = {
			isa = PBXGroup;
			children = (
				29D0651F1CADAA4200772B17 /* AppDelegate.swift */,
				29D065201CADAA4200772B17 /* ViewController.swift */,
			);
			path = Sources;
			sourceTree = "<group>";
		};
		C4654235ABEF4AE0A3B0AE17 /* Pods */ = {
			isa = PBXGroup;
			children = (
				A9BE5BEB9577FBAE4F19F054 /* Pods-NoiseDemo.debug.xcconfig */,
				BECCE6E65BEEA0785A145383 /* Pods-NoiseDemo.release.xcconfig */,
			);
			name = Pods;
			sourceTree = "<group>";
		};
		C793740E0BC310B9B60B421F /* Frameworks */ = {
			isa = PBXGroup;
			children = (
				3DC684BB08E977B8FFBD5CA0 /* Pods_NoiseDemo.framework */,
			);
			name = Frameworks;
			sourceTree = "<group>";
		};
		D5C7F7371C3BC9CE008CDDBA = {
			isa = PBXGroup;
			children = (
				29D065181CADAA4200772B17 /* Noise */,
				D5C7F7411C3BC9CE008CDDBA /* Products */,
				C4654235ABEF4AE0A3B0AE17 /* Pods */,
				C793740E0BC310B9B60B421F /* Frameworks */,
			);
			sourceTree = "<group>";
		};
		D5C7F7411C3BC9CE008CDDBA /* Products */ = {
			isa = PBXGroup;
			children = (
				D5C7F7401C3BC9CE008CDDBA /* NoiseDemo.app */,
			);
			name = Products;
			sourceTree = "<group>";
		};
/* End PBXGroup section */

/* Begin PBXNativeTarget section */
		D5C7F73F1C3BC9CE008CDDBA /* NoiseDemo */ = {
			isa = PBXNativeTarget;
			buildConfigurationList = D5C7F7521C3BC9CE008CDDBA /* Build configuration list for PBXNativeTarget "NoiseDemo" */;
			buildPhases = (
				4C9210ECA609FD9692D30E5A /* 📦 Check Pods Manifest.lock */,
				D5C7F73C1C3BC9CE008CDDBA /* Sources */,
				D5C7F73D1C3BC9CE008CDDBA /* Frameworks */,
				D5C7F73E1C3BC9CE008CDDBA /* Resources */,
				9786DBD984F73E716AA4AF40 /* 📦 Embed Pods Frameworks */,
				C12D7880BFF81265AECF5DA1 /* 📦 Copy Pods Resources */,
			);
			buildRules = (
			);
			dependencies = (
			);
			name = NoiseDemo;
			productName = NoiseDemo;
			productReference = D5C7F7401C3BC9CE008CDDBA /* NoiseDemo.app */;
			productType = "com.apple.product-type.application";
		};
/* End PBXNativeTarget section */

/* Begin PBXProject section */
		D5C7F7381C3BC9CE008CDDBA /* Project object */ = {
			isa = PBXProject;
			attributes = {
				LastSwiftUpdateCheck = 0720;
				LastUpgradeCheck = 0720;
				ORGANIZATIONNAME = "Hyper Interaktiv AS";
				TargetAttributes = {
					D5C7F73F1C3BC9CE008CDDBA = {
						CreatedOnToolsVersion = 7.2;
					};
				};
			};
			buildConfigurationList = D5C7F73B1C3BC9CE008CDDBA /* Build configuration list for PBXProject "NoiseDemo" */;
			compatibilityVersion = "Xcode 3.2";
			developmentRegion = English;
			hasScannedForEncodings = 0;
			knownRegions = (
				en,
				Base,
			);
			mainGroup = D5C7F7371C3BC9CE008CDDBA;
			productRefGroup = D5C7F7411C3BC9CE008CDDBA /* Products */;
			projectDirPath = "";
			projectRoot = "";
			targets = (
				D5C7F73F1C3BC9CE008CDDBA /* NoiseDemo */,
			);
		};
/* End PBXProject section */

/* Begin PBXResourcesBuildPhase section */
		D5C7F73E1C3BC9CE008CDDBA /* Resources */ = {
			isa = PBXResourcesBuildPhase;
			buildActionMask = 2147483647;
			files = (
				29D065221CADAA4200772B17 /* Info.plist in Resources */,
				29D065231CADAA4200772B17 /* Assets.xcassets in Resources */,
				29D065211CADAA4200772B17 /* LaunchScreen.storyboard in Resources */,
			);
			runOnlyForDeploymentPostprocessing = 0;
		};
/* End PBXResourcesBuildPhase section */

/* Begin PBXShellScriptBuildPhase section */
		4C9210ECA609FD9692D30E5A /* 📦 Check Pods Manifest.lock */ = {
			isa = PBXShellScriptBuildPhase;
			buildActionMask = 2147483647;
			files = (
			);
			inputPaths = (
			);
			name = "📦 Check Pods Manifest.lock";
			outputPaths = (
			);
			runOnlyForDeploymentPostprocessing = 0;
			shellPath = /bin/sh;
			shellScript = "diff \"${PODS_ROOT}/../Podfile.lock\" \"${PODS_ROOT}/Manifest.lock\" > /dev/null\nif [[ $? != 0 ]] ; then\n    cat << EOM\nerror: The sandbox is not in sync with the Podfile.lock. Run 'pod install' or update your CocoaPods installation.\nEOM\n    exit 1\nfi\n";
			showEnvVarsInLog = 0;
		};
		9786DBD984F73E716AA4AF40 /* 📦 Embed Pods Frameworks */ = {
			isa = PBXShellScriptBuildPhase;
			buildActionMask = 2147483647;
			files = (
			);
			inputPaths = (
			);
			name = "📦 Embed Pods Frameworks";
			outputPaths = (
			);
			runOnlyForDeploymentPostprocessing = 0;
			shellPath = /bin/sh;
			shellScript = "\"${SRCROOT}/Pods/Target Support Files/Pods-NoiseDemo/Pods-NoiseDemo-frameworks.sh\"\n";
			showEnvVarsInLog = 0;
		};
		C12D7880BFF81265AECF5DA1 /* 📦 Copy Pods Resources */ = {
			isa = PBXShellScriptBuildPhase;
			buildActionMask = 2147483647;
			files = (
			);
			inputPaths = (
			);
			name = "📦 Copy Pods Resources";
			outputPaths = (
			);
			runOnlyForDeploymentPostprocessing = 0;
			shellPath = /bin/sh;
			shellScript = "\"${SRCROOT}/Pods/Target Support Files/Pods-NoiseDemo/Pods-NoiseDemo-resources.sh\"\n";
			showEnvVarsInLog = 0;
		};
/* End PBXShellScriptBuildPhase section */

/* Begin PBXSourcesBuildPhase section */
		D5C7F73C1C3BC9CE008CDDBA /* Sources */ = {
			isa = PBXSourcesBuildPhase;
			buildActionMask = 2147483647;
			files = (
				29D065251CADAA4200772B17 /* ViewController.swift in Sources */,
				29D065241CADAA4200772B17 /* AppDelegate.swift in Sources */,
			);
			runOnlyForDeploymentPostprocessing = 0;
		};
/* End PBXSourcesBuildPhase section */

/* Begin PBXVariantGroup section */
		29D065191CADAA4200772B17 /* LaunchScreen.storyboard */ = {
			isa = PBXVariantGroup;
			children = (
				29D0651A1CADAA4200772B17 /* Base */,
			);
			name = LaunchScreen.storyboard;
			sourceTree = "<group>";
		};
/* End PBXVariantGroup section */

/* Begin XCBuildConfiguration section */
		D5C7F7501C3BC9CE008CDDBA /* Debug */ = {
			isa = XCBuildConfiguration;
			buildSettings = {
				ALWAYS_SEARCH_USER_PATHS = NO;
				CLANG_CXX_LANGUAGE_STANDARD = "gnu++0x";
				CLANG_CXX_LIBRARY = "libc++";
				CLANG_ENABLE_MODULES = YES;
				CLANG_ENABLE_OBJC_ARC = YES;
				CLANG_WARN_BOOL_CONVERSION = YES;
				CLANG_WARN_CONSTANT_CONVERSION = YES;
				CLANG_WARN_DIRECT_OBJC_ISA_USAGE = YES_ERROR;
				CLANG_WARN_EMPTY_BODY = YES;
				CLANG_WARN_ENUM_CONVERSION = YES;
				CLANG_WARN_INT_CONVERSION = YES;
				CLANG_WARN_OBJC_ROOT_CLASS = YES_ERROR;
				CLANG_WARN_UNREACHABLE_CODE = YES;
				CLANG_WARN__DUPLICATE_METHOD_MATCH = YES;
				"CODE_SIGN_IDENTITY[sdk=iphoneos*]" = "iPhone Developer";
				COPY_PHASE_STRIP = NO;
				DEBUG_INFORMATION_FORMAT = dwarf;
				ENABLE_STRICT_OBJC_MSGSEND = YES;
				ENABLE_TESTABILITY = YES;
				GCC_C_LANGUAGE_STANDARD = gnu99;
				GCC_DYNAMIC_NO_PIC = NO;
				GCC_NO_COMMON_BLOCKS = YES;
				GCC_OPTIMIZATION_LEVEL = 0;
				GCC_PREPROCESSOR_DEFINITIONS = (
					"DEBUG=1",
					"$(inherited)",
				);
				GCC_WARN_64_TO_32_BIT_CONVERSION = YES;
				GCC_WARN_ABOUT_RETURN_TYPE = YES_ERROR;
				GCC_WARN_UNDECLARED_SELECTOR = YES;
				GCC_WARN_UNINITIALIZED_AUTOS = YES_AGGRESSIVE;
				GCC_WARN_UNUSED_FUNCTION = YES;
				GCC_WARN_UNUSED_VARIABLE = YES;
				IPHONEOS_DEPLOYMENT_TARGET = 9.2;
				MTL_ENABLE_DEBUG_INFO = YES;
				ONLY_ACTIVE_ARCH = YES;
				SDKROOT = iphoneos;
				SWIFT_OPTIMIZATION_LEVEL = "-Onone";
			};
			name = Debug;
		};
		D5C7F7511C3BC9CE008CDDBA /* Release */ = {
			isa = XCBuildConfiguration;
			buildSettings = {
				ALWAYS_SEARCH_USER_PATHS = NO;
				CLANG_CXX_LANGUAGE_STANDARD = "gnu++0x";
				CLANG_CXX_LIBRARY = "libc++";
				CLANG_ENABLE_MODULES = YES;
				CLANG_ENABLE_OBJC_ARC = YES;
				CLANG_WARN_BOOL_CONVERSION = YES;
				CLANG_WARN_CONSTANT_CONVERSION = YES;
				CLANG_WARN_DIRECT_OBJC_ISA_USAGE = YES_ERROR;
				CLANG_WARN_EMPTY_BODY = YES;
				CLANG_WARN_ENUM_CONVERSION = YES;
				CLANG_WARN_INT_CONVERSION = YES;
				CLANG_WARN_OBJC_ROOT_CLASS = YES_ERROR;
				CLANG_WARN_UNREACHABLE_CODE = YES;
				CLANG_WARN__DUPLICATE_METHOD_MATCH = YES;
				"CODE_SIGN_IDENTITY[sdk=iphoneos*]" = "iPhone Developer";
				COPY_PHASE_STRIP = NO;
				DEBUG_INFORMATION_FORMAT = "dwarf-with-dsym";
				ENABLE_NS_ASSERTIONS = NO;
				ENABLE_STRICT_OBJC_MSGSEND = YES;
				GCC_C_LANGUAGE_STANDARD = gnu99;
				GCC_NO_COMMON_BLOCKS = YES;
				GCC_WARN_64_TO_32_BIT_CONVERSION = YES;
				GCC_WARN_ABOUT_RETURN_TYPE = YES_ERROR;
				GCC_WARN_UNDECLARED_SELECTOR = YES;
				GCC_WARN_UNINITIALIZED_AUTOS = YES_AGGRESSIVE;
				GCC_WARN_UNUSED_FUNCTION = YES;
				GCC_WARN_UNUSED_VARIABLE = YES;
				IPHONEOS_DEPLOYMENT_TARGET = 9.2;
				MTL_ENABLE_DEBUG_INFO = NO;
				SDKROOT = iphoneos;
				VALIDATE_PRODUCT = YES;
			};
			name = Release;
		};
		D5C7F7531C3BC9CE008CDDBA /* Debug */ = {
			isa = XCBuildConfiguration;
			baseConfigurationReference = A9BE5BEB9577FBAE4F19F054 /* Pods-NoiseDemo.debug.xcconfig */;
			buildSettings = {
				ASSETCATALOG_COMPILER_APPICON_NAME = AppIcon;
				INFOPLIST_FILE = "$(SRCROOT)/Noise/Info.plist";
				LD_RUNPATH_SEARCH_PATHS = "$(inherited) @executable_path/Frameworks";
				PRODUCT_BUNDLE_IDENTIFIER = com.RamonGilabert.Noise.NoiseDemo;
				PRODUCT_NAME = "$(TARGET_NAME)";
			};
			name = Debug;
		};
		D5C7F7541C3BC9CE008CDDBA /* Release */ = {
			isa = XCBuildConfiguration;
			baseConfigurationReference = BECCE6E65BEEA0785A145383 /* Pods-NoiseDemo.release.xcconfig */;
			buildSettings = {
				ASSETCATALOG_COMPILER_APPICON_NAME = AppIcon;
				INFOPLIST_FILE = "$(SRCROOT)/Noise/Info.plist";
				LD_RUNPATH_SEARCH_PATHS = "$(inherited) @executable_path/Frameworks";
				PRODUCT_BUNDLE_IDENTIFIER = com.RamonGilabert.Noise.NoiseDemo;
				PRODUCT_NAME = "$(TARGET_NAME)";
			};
			name = Release;
		};
/* End XCBuildConfiguration section */

/* Begin XCConfigurationList section */
		D5C7F73B1C3BC9CE008CDDBA /* Build configuration list for PBXProject "NoiseDemo" */ = {
			isa = XCConfigurationList;
			buildConfigurations = (
				D5C7F7501C3BC9CE008CDDBA /* Debug */,
				D5C7F7511C3BC9CE008CDDBA /* Release */,
			);
			defaultConfigurationIsVisible = 0;
			defaultConfigurationName = Release;
		};
		D5C7F7521C3BC9CE008CDDBA /* Build configuration list for PBXNativeTarget "NoiseDemo" */ = {
			isa = XCConfigurationList;
			buildConfigurations = (
				D5C7F7531C3BC9CE008CDDBA /* Debug */,
				D5C7F7541C3BC9CE008CDDBA /* Release */,
			);
			defaultConfigurationIsVisible = 0;
			defaultConfigurationName = Release;
		};
/* End XCConfigurationList section */
	};
	rootObject = D5C7F7381C3BC9CE008CDDBA /* Project object */;
}
